dependencies:
  espressif/esp-nn:
    component_hash: b32869798bdb40dec6bc99caca48cd65d42f8a9f506b9ab9c598a076f891ede9
    source:
      pre_release: true
      service_url: https://api.components.espressif.com/
      type: service
    version: 1.0.2
  idf:
    component_hash: null
    source:
      type: idf
    version: 5.4.0
manifest_hash: 00e40d1751d8b10b5582ebd0eb74ec9f983fe017a9539e83824a2f1f2b45968f
target: esp32
version: 1.0.0
